
Microsoft Visual Studio Solution File, Format Version 12.00
# Visual Studio Version 17
VisualStudioVersion = 17.1.32421.90
MinimumVisualStudioVersion = 10.0.40219.1
Project("{9A19103F-16F7-4668-BE54-9A1E7A4F7556}") = "DemoAPI_Base", "DemoAPI_Base\DemoAPI_Base.csproj", "{D1274B06-A280-49E4-AC7C-D6A7DC7F9392}"
EndProject
Project("{9A19103F-16F7-4668-BE54-9A1E7A4F7556}") = "DemoAPI_JWT", "DemoAPI_JWT\DemoAPI_JWT.csproj", "{7CE8F59D-AE39-48E6-94AF-40B0CB772772}"
EndProject
Project("{9A19103F-16F7-4668-BE54-9A1E7A4F7556}") = "DemoAPI_EFCore", "DemoAPI_EFCore\DemoAPI_EFCore.csproj", "{C6B902B1-1C01-4976-89D2-3DD42B75982F}"
EndProject
Project("{9A19103F-16F7-4668-BE54-9A1E7A4F7556}") = "DemoAPI_EFCore_Base", "DemoAPI_EFCore_Base\DemoAPI_EFCore_Base.csproj", "{1AECD077-A077-4DEB-B982-B4A4A6022244}"
EndProject
Project("{9A19103F-16F7-4668-BE54-9A1E7A4F7556}") = "DemoAPI_Docker", "DemoAPI_Docker\DemoAPI_Docker.csproj", "{72A6E2DE-6CA3-43C5-B422-E6EBD0145A9D}"
EndProject
Project("{9A19103F-16F7-4668-BE54-9A1E7A4F7556}") = "DemoAPI_Docker_Compose", "DemoAPI_Docker_Compose\DemoAPI_Docker_Compose.csproj", "{D84EBC24-E475-4037-AB9B-44021807B5B4}"
EndProject
Project("{E53339B2-1760-4266-BCC7-CA923CBCF16C}") = "docker-compose", "docker-compose.dcproj", "{E5085B62-E6C8-4B37-952D-68E72B8D10B7}"
EndProject
Global
	GlobalSection(SolutionConfigurationPlatforms) = preSolution
		Debug|Any CPU = Debug|Any CPU
		Release|Any CPU = Release|Any CPU
	EndGlobalSection
	GlobalSection(ProjectConfigurationPlatforms) = postSolution
		{D1274B06-A280-49E4-AC7C-D6A7DC7F9392}.Debug|Any CPU.ActiveCfg = Debug|Any CPU
		{D1274B06-A280-49E4-AC7C-D6A7DC7F9392}.Debug|Any CPU.Build.0 = Debug|Any CPU
		{D1274B06-A280-49E4-AC7C-D6A7DC7F9392}.Release|Any CPU.ActiveCfg = Release|Any CPU
		{D1274B06-A280-49E4-AC7C-D6A7DC7F9392}.Release|Any CPU.Build.0 = Release|Any CPU
		{7CE8F59D-AE39-48E6-94AF-40B0CB772772}.Debug|Any CPU.ActiveCfg = Debug|Any CPU
		{7CE8F59D-AE39-48E6-94AF-40B0CB772772}.Debug|Any CPU.Build.0 = Debug|Any CPU
		{7CE8F59D-AE39-48E6-94AF-40B0CB772772}.Release|Any CPU.ActiveCfg = Release|Any CPU
		{7CE8F59D-AE39-48E6-94AF-40B0CB772772}.Release|Any CPU.Build.0 = Release|Any CPU
		{C6B902B1-1C01-4976-89D2-3DD42B75982F}.Debug|Any CPU.ActiveCfg = Debug|Any CPU
		{C6B902B1-1C01-4976-89D2-3DD42B75982F}.Debug|Any CPU.Build.0 = Debug|Any CPU
		{C6B902B1-1C01-4976-89D2-3DD42B75982F}.Release|Any CPU.ActiveCfg = Release|Any CPU
		{C6B902B1-1C01-4976-89D2-3DD42B75982F}.Release|Any CPU.Build.0 = Release|Any CPU
		{1AECD077-A077-4DEB-B982-B4A4A6022244}.Debug|Any CPU.ActiveCfg = Debug|Any CPU
		{1AECD077-A077-4DEB-B982-B4A4A6022244}.Debug|Any CPU.Build.0 = Debug|Any CPU
		{1AECD077-A077-4DEB-B982-B4A4A6022244}.Release|Any CPU.ActiveCfg = Release|Any CPU
		{1AECD077-A077-4DEB-B982-B4A4A6022244}.Release|Any CPU.Build.0 = Release|Any CPU
		{72A6E2DE-6CA3-43C5-B422-E6EBD0145A9D}.Debug|Any CPU.ActiveCfg = Debug|Any CPU
		{72A6E2DE-6CA3-43C5-B422-E6EBD0145A9D}.Debug|Any CPU.Build.0 = Debug|Any CPU
		{72A6E2DE-6CA3-43C5-B422-E6EBD0145A9D}.Release|Any CPU.ActiveCfg = Release|Any CPU
		{72A6E2DE-6CA3-43C5-B422-E6EBD0145A9D}.Release|Any CPU.Build.0 = Release|Any CPU
		{D84EBC24-E475-4037-AB9B-44021807B5B4}.Debug|Any CPU.ActiveCfg = Debug|Any CPU
		{D84EBC24-E475-4037-AB9B-44021807B5B4}.Debug|Any CPU.Build.0 = Debug|Any CPU
		{D84EBC24-E475-4037-AB9B-44021807B5B4}.Release|Any CPU.ActiveCfg = Release|Any CPU
		{D84EBC24-E475-4037-AB9B-44021807B5B4}.Release|Any CPU.Build.0 = Release|Any CPU
		{E5085B62-E6C8-4B37-952D-68E72B8D10B7}.Debug|Any CPU.ActiveCfg = Debug|Any CPU
		{E5085B62-E6C8-4B37-952D-68E72B8D10B7}.Debug|Any CPU.Build.0 = Debug|Any CPU
		{E5085B62-E6C8-4B37-952D-68E72B8D10B7}.Release|Any CPU.ActiveCfg = Release|Any CPU
		{E5085B62-E6C8-4B37-952D-68E72B8D10B7}.Release|Any CPU.Build.0 = Release|Any CPU
	EndGlobalSection
	GlobalSection(SolutionProperties) = preSolution
		HideSolutionNode = FALSE
	EndGlobalSection
	GlobalSection(ExtensibilityGlobals) = postSolution
		SolutionGuid = {039C297A-4ED8-470B-BB12-171A3CF7789F}
	EndGlobalSection
EndGlobal
