
Microsoft Visual Studio Solution File, Format Version 12.00
# Visual Studio Version 17
VisualStudioVersion = 17.1.32421.90
MinimumVisualStudioVersion = 10.0.40219.1
Project("{2150E333-8FDC-42A3-9474-1A3956D46DE8}") = "01_Contacts", "01_Contacts", "{F2D15383-CEAE-4BC0-924F-A37F6348A467}"
EndProject
Project("{9A19103F-16F7-4668-BE54-9A1E7A4F7556}") = "TP04", "TP04\TP04.csproj", "{3DF85FF0-A90F-4860-A13F-8B32D2A9CA6B}"
EndProject
Project("{2150E333-8FDC-42A3-9474-1A3956D46DE8}") = "02_Authentification", "02_Authentification", "{A833D82F-93DC-400F-999A-9BB08C04A518}"
EndProject
Project("{9A19103F-16F7-4668-BE54-9A1E7A4F7556}") = "TP04b", "TP04b\TP04b.csproj", "{A24370B0-2A2B-4AC7-B1F6-716C94431024}"
EndProject
Project("{2150E333-8FDC-42A3-9474-1A3956D46DE8}") = "03_Repertoire", "03_Repertoire", "{E50C6211-F1BD-4467-8B49-659B6E64C3F0}"
EndProject
Project("{9A19103F-16F7-4668-BE54-9A1E7A4F7556}") = "03_Repertoire", "03_Repertoire\03_Repertoire.csproj", "{946B1BFE-1F5E-49ED-9089-F4C8A83BC0EC}"
EndProject
Project("{2150E333-8FDC-42A3-9474-1A3956D46DE8}") = "04_Demenagements", "04_Demenagements", "{3C374443-8A98-4F12-80D1-DCE2766779D9}"
EndProject
Project("{9A19103F-16F7-4668-BE54-9A1E7A4F7556}") = "03_Demenagements", "03_Demenagements\03_Demenagements.csproj", "{63598334-4534-4055-B015-33B95DFB29D6}"
EndProject
Project("{2150E333-8FDC-42A3-9474-1A3956D46DE8}") = "05_Pizzas", "05_Pizzas", "{9121BBCE-F3AF-4031-AB26-B9E206BD9CAB}"
EndProject
Project("{9A19103F-16F7-4668-BE54-9A1E7A4F7556}") = "TP05", "TP05\TP05.csproj", "{5C744117-ABE6-45B3-8A0B-89E87E7F546F}"
EndProject
Project("{2150E333-8FDC-42A3-9474-1A3956D46DE8}") = "06_Librarie", "06_Librarie", "{FAC3243A-FF16-484B-BF4F-F4638B24412A}"
EndProject
Project("{9A19103F-16F7-4668-BE54-9A1E7A4F7556}") = "06_Librarie", "06_Librarie\06_Librarie.csproj", "{55685143-971E-46DA-BA28-151FF72577C2}"
EndProject
Global
	GlobalSection(SolutionConfigurationPlatforms) = preSolution
		Debug|Any CPU = Debug|Any CPU
		Release|Any CPU = Release|Any CPU
	EndGlobalSection
	GlobalSection(ProjectConfigurationPlatforms) = postSolution
		{3DF85FF0-A90F-4860-A13F-8B32D2A9CA6B}.Debug|Any CPU.ActiveCfg = Debug|Any CPU
		{3DF85FF0-A90F-4860-A13F-8B32D2A9CA6B}.Debug|Any CPU.Build.0 = Debug|Any CPU
		{3DF85FF0-A90F-4860-A13F-8B32D2A9CA6B}.Release|Any CPU.ActiveCfg = Release|Any CPU
		{3DF85FF0-A90F-4860-A13F-8B32D2A9CA6B}.Release|Any CPU.Build.0 = Release|Any CPU
		{A24370B0-2A2B-4AC7-B1F6-716C94431024}.Debug|Any CPU.ActiveCfg = Debug|Any CPU
		{A24370B0-2A2B-4AC7-B1F6-716C94431024}.Debug|Any CPU.Build.0 = Debug|Any CPU
		{A24370B0-2A2B-4AC7-B1F6-716C94431024}.Release|Any CPU.ActiveCfg = Release|Any CPU
		{A24370B0-2A2B-4AC7-B1F6-716C94431024}.Release|Any CPU.Build.0 = Release|Any CPU
		{946B1BFE-1F5E-49ED-9089-F4C8A83BC0EC}.Debug|Any CPU.ActiveCfg = Debug|Any CPU
		{946B1BFE-1F5E-49ED-9089-F4C8A83BC0EC}.Debug|Any CPU.Build.0 = Debug|Any CPU
		{946B1BFE-1F5E-49ED-9089-F4C8A83BC0EC}.Release|Any CPU.ActiveCfg = Release|Any CPU
		{946B1BFE-1F5E-49ED-9089-F4C8A83BC0EC}.Release|Any CPU.Build.0 = Release|Any CPU
		{63598334-4534-4055-B015-33B95DFB29D6}.Debug|Any CPU.ActiveCfg = Debug|Any CPU
		{63598334-4534-4055-B015-33B95DFB29D6}.Debug|Any CPU.Build.0 = Debug|Any CPU
		{63598334-4534-4055-B015-33B95DFB29D6}.Release|Any CPU.ActiveCfg = Release|Any CPU
		{63598334-4534-4055-B015-33B95DFB29D6}.Release|Any CPU.Build.0 = Release|Any CPU
		{5C744117-ABE6-45B3-8A0B-89E87E7F546F}.Debug|Any CPU.ActiveCfg = Debug|Any CPU
		{5C744117-ABE6-45B3-8A0B-89E87E7F546F}.Debug|Any CPU.Build.0 = Debug|Any CPU
		{5C744117-ABE6-45B3-8A0B-89E87E7F546F}.Release|Any CPU.ActiveCfg = Release|Any CPU
		{5C744117-ABE6-45B3-8A0B-89E87E7F546F}.Release|Any CPU.Build.0 = Release|Any CPU
		{55685143-971E-46DA-BA28-151FF72577C2}.Debug|Any CPU.ActiveCfg = Debug|Any CPU
		{55685143-971E-46DA-BA28-151FF72577C2}.Debug|Any CPU.Build.0 = Debug|Any CPU
		{55685143-971E-46DA-BA28-151FF72577C2}.Release|Any CPU.ActiveCfg = Release|Any CPU
		{55685143-971E-46DA-BA28-151FF72577C2}.Release|Any CPU.Build.0 = Release|Any CPU
	EndGlobalSection
	GlobalSection(SolutionProperties) = preSolution
		HideSolutionNode = FALSE
	EndGlobalSection
	GlobalSection(NestedProjects) = preSolution
		{3DF85FF0-A90F-4860-A13F-8B32D2A9CA6B} = {F2D15383-CEAE-4BC0-924F-A37F6348A467}
		{A24370B0-2A2B-4AC7-B1F6-716C94431024} = {A833D82F-93DC-400F-999A-9BB08C04A518}
		{946B1BFE-1F5E-49ED-9089-F4C8A83BC0EC} = {E50C6211-F1BD-4467-8B49-659B6E64C3F0}
		{63598334-4534-4055-B015-33B95DFB29D6} = {3C374443-8A98-4F12-80D1-DCE2766779D9}
		{5C744117-ABE6-45B3-8A0B-89E87E7F546F} = {9121BBCE-F3AF-4031-AB26-B9E206BD9CAB}
		{55685143-971E-46DA-BA28-151FF72577C2} = {FAC3243A-FF16-484B-BF4F-F4638B24412A}
	EndGlobalSection
	GlobalSection(ExtensibilityGlobals) = postSolution
		SolutionGuid = {DEBF0DB6-039A-4536-8A5F-A840D2E61EE8}
	EndGlobalSection
EndGlobal
