
Microsoft Visual Studio Solution File, Format Version 12.00
# Visual Studio Version 17
VisualStudioVersion = 17.1.32421.90
MinimumVisualStudioVersion = 10.0.40219.1
Project("{2150E333-8FDC-42A3-9474-1A3956D46DE8}") = "01_Contacts", "01_Contacts", "{F2D15383-CEAE-4BC0-924F-A37F6348A467}"
EndProject
Project("{2150E333-8FDC-42A3-9474-1A3956D46DE8}") = "02_Authentification", "02_Authentification", "{E4BC2D7A-B7CD-4EC3-A666-65C4159E9D5D}"
EndProject
Project("{2150E333-8FDC-42A3-9474-1A3956D46DE8}") = "05_Pizzas", "05_Pizzas", "{45BB1CC4-029B-4ED5-A60E-5F9AF0813C0C}"
EndProject
Project("{9A19103F-16F7-4668-BE54-9A1E7A4F7556}") = "TP04", "TP04\TP04.csproj", "{3DF85FF0-A90F-4860-A13F-8B32D2A9CA6B}"
EndProject
Project("{9A19103F-16F7-4668-BE54-9A1E7A4F7556}") = "TP05", "TP05\TP05.csproj", "{AB84DFB9-4440-4596-A8B3-E033A6D48429}"
EndProject
Project("{9A19103F-16F7-4668-BE54-9A1E7A4F7556}") = "TP04b", "TP04b\TP04b.csproj", "{E2B28199-B8F0-4562-81FE-F70BB160F16E}"
EndProject
Project("{2150E333-8FDC-42A3-9474-1A3956D46DE8}") = "04_Demenagements", "04_Demenagements", "{88985BBD-7AE5-4600-81A4-3436FDF73CF3}"
EndProject
Project("{9A19103F-16F7-4668-BE54-9A1E7A4F7556}") = "03_Demenagements", "03_Demenagements\03_Demenagements.csproj", "{B2D6ADFC-2812-47FC-95FE-147B4FF10C55}"
EndProject
Project("{2150E333-8FDC-42A3-9474-1A3956D46DE8}") = "03_Repertoire", "03_Repertoire", "{881987F3-0466-48BB-BE72-6A70A4C80F31}"
EndProject
Project("{9A19103F-16F7-4668-BE54-9A1E7A4F7556}") = "03_Repertoire", "03_Repertoire\03_Repertoire.csproj", "{618BB047-1818-4602-A4FD-E1D566895127}"
EndProject
Project("{2150E333-8FDC-42A3-9474-1A3956D46DE8}") = "06_Librarie", "06_Librarie", "{694F1929-5B6A-46B4-BE4A-B230CA484E07}"
EndProject
Project("{FAE04EC0-301F-11D3-BF4B-00C04F79EFBC}") = "06_Librarie", "06_Librarie\06_Librarie.csproj", "{F4306D3E-0A1A-4B47-9F4D-3713764D409E}"
EndProject
Project("{2150E333-8FDC-42A3-9474-1A3956D46DE8}") = "07_eBooks", "07_eBooks", "{E8B6BF58-E12E-4795-9618-642B9CF0C716}"
EndProject
Project("{FAE04EC0-301F-11D3-BF4B-00C04F79EFBC}") = "07_eBooks", "07_eBooks\07_eBooks.csproj", "{E6112E09-5641-440D-B91D-6A255B45F551}"
EndProject
Project("{E53339B2-1760-4266-BCC7-CA923CBCF16C}") = "docker-compose", "docker-compose.dcproj", "{D7835F75-C4FD-453A-8AB2-F02759CD32F2}"
EndProject
Global
	GlobalSection(SolutionConfigurationPlatforms) = preSolution
		Debug|Any CPU = Debug|Any CPU
		Release|Any CPU = Release|Any CPU
	EndGlobalSection
	GlobalSection(ProjectConfigurationPlatforms) = postSolution
		{3DF85FF0-A90F-4860-A13F-8B32D2A9CA6B}.Debug|Any CPU.ActiveCfg = Debug|Any CPU
		{3DF85FF0-A90F-4860-A13F-8B32D2A9CA6B}.Debug|Any CPU.Build.0 = Debug|Any CPU
		{3DF85FF0-A90F-4860-A13F-8B32D2A9CA6B}.Release|Any CPU.ActiveCfg = Release|Any CPU
		{3DF85FF0-A90F-4860-A13F-8B32D2A9CA6B}.Release|Any CPU.Build.0 = Release|Any CPU
		{AB84DFB9-4440-4596-A8B3-E033A6D48429}.Debug|Any CPU.ActiveCfg = Debug|Any CPU
		{AB84DFB9-4440-4596-A8B3-E033A6D48429}.Debug|Any CPU.Build.0 = Debug|Any CPU
		{AB84DFB9-4440-4596-A8B3-E033A6D48429}.Release|Any CPU.ActiveCfg = Release|Any CPU
		{AB84DFB9-4440-4596-A8B3-E033A6D48429}.Release|Any CPU.Build.0 = Release|Any CPU
		{E2B28199-B8F0-4562-81FE-F70BB160F16E}.Debug|Any CPU.ActiveCfg = Debug|Any CPU
		{E2B28199-B8F0-4562-81FE-F70BB160F16E}.Debug|Any CPU.Build.0 = Debug|Any CPU
		{E2B28199-B8F0-4562-81FE-F70BB160F16E}.Release|Any CPU.ActiveCfg = Release|Any CPU
		{E2B28199-B8F0-4562-81FE-F70BB160F16E}.Release|Any CPU.Build.0 = Release|Any CPU
		{B2D6ADFC-2812-47FC-95FE-147B4FF10C55}.Debug|Any CPU.ActiveCfg = Debug|Any CPU
		{B2D6ADFC-2812-47FC-95FE-147B4FF10C55}.Debug|Any CPU.Build.0 = Debug|Any CPU
		{B2D6ADFC-2812-47FC-95FE-147B4FF10C55}.Release|Any CPU.ActiveCfg = Release|Any CPU
		{B2D6ADFC-2812-47FC-95FE-147B4FF10C55}.Release|Any CPU.Build.0 = Release|Any CPU
		{618BB047-1818-4602-A4FD-E1D566895127}.Debug|Any CPU.ActiveCfg = Debug|Any CPU
		{618BB047-1818-4602-A4FD-E1D566895127}.Debug|Any CPU.Build.0 = Debug|Any CPU
		{618BB047-1818-4602-A4FD-E1D566895127}.Release|Any CPU.ActiveCfg = Release|Any CPU
		{618BB047-1818-4602-A4FD-E1D566895127}.Release|Any CPU.Build.0 = Release|Any CPU
		{F4306D3E-0A1A-4B47-9F4D-3713764D409E}.Debug|Any CPU.ActiveCfg = Debug|Any CPU
		{F4306D3E-0A1A-4B47-9F4D-3713764D409E}.Debug|Any CPU.Build.0 = Debug|Any CPU
		{F4306D3E-0A1A-4B47-9F4D-3713764D409E}.Release|Any CPU.ActiveCfg = Release|Any CPU
		{F4306D3E-0A1A-4B47-9F4D-3713764D409E}.Release|Any CPU.Build.0 = Release|Any CPU
		{E6112E09-5641-440D-B91D-6A255B45F551}.Debug|Any CPU.ActiveCfg = Debug|Any CPU
		{E6112E09-5641-440D-B91D-6A255B45F551}.Debug|Any CPU.Build.0 = Debug|Any CPU
		{E6112E09-5641-440D-B91D-6A255B45F551}.Release|Any CPU.ActiveCfg = Release|Any CPU
		{E6112E09-5641-440D-B91D-6A255B45F551}.Release|Any CPU.Build.0 = Release|Any CPU
		{D7835F75-C4FD-453A-8AB2-F02759CD32F2}.Debug|Any CPU.ActiveCfg = Debug|Any CPU
		{D7835F75-C4FD-453A-8AB2-F02759CD32F2}.Debug|Any CPU.Build.0 = Debug|Any CPU
		{D7835F75-C4FD-453A-8AB2-F02759CD32F2}.Release|Any CPU.ActiveCfg = Release|Any CPU
		{D7835F75-C4FD-453A-8AB2-F02759CD32F2}.Release|Any CPU.Build.0 = Release|Any CPU
	EndGlobalSection
	GlobalSection(SolutionProperties) = preSolution
		HideSolutionNode = FALSE
	EndGlobalSection
	GlobalSection(NestedProjects) = preSolution
		{3DF85FF0-A90F-4860-A13F-8B32D2A9CA6B} = {F2D15383-CEAE-4BC0-924F-A37F6348A467}
		{AB84DFB9-4440-4596-A8B3-E033A6D48429} = {45BB1CC4-029B-4ED5-A60E-5F9AF0813C0C}
		{E2B28199-B8F0-4562-81FE-F70BB160F16E} = {E4BC2D7A-B7CD-4EC3-A666-65C4159E9D5D}
		{B2D6ADFC-2812-47FC-95FE-147B4FF10C55} = {88985BBD-7AE5-4600-81A4-3436FDF73CF3}
		{618BB047-1818-4602-A4FD-E1D566895127} = {881987F3-0466-48BB-BE72-6A70A4C80F31}
		{F4306D3E-0A1A-4B47-9F4D-3713764D409E} = {694F1929-5B6A-46B4-BE4A-B230CA484E07}
		{E6112E09-5641-440D-B91D-6A255B45F551} = {E8B6BF58-E12E-4795-9618-642B9CF0C716}
	EndGlobalSection
	GlobalSection(ExtensibilityGlobals) = postSolution
		SolutionGuid = {DEBF0DB6-039A-4536-8A5F-A840D2E61EE8}
	EndGlobalSection
EndGlobal
