
Microsoft Visual Studio Solution File, Format Version 12.00
# Visual Studio Version 17
VisualStudioVersion = 17.1.32421.90
MinimumVisualStudioVersion = 10.0.40219.1
Project("{2150E333-8FDC-42A3-9474-1A3956D46DE8}") = "01_Contacts", "01_Contacts", "{F2D15383-CEAE-4BC0-924F-A37F6348A467}"
EndProject
Project("{9A19103F-16F7-4668-BE54-9A1E7A4F7556}") = "TP04", "TP04\TP04.csproj", "{3DF85FF0-A90F-4860-A13F-8B32D2A9CA6B}"
EndProject
Project("{2150E333-8FDC-42A3-9474-1A3956D46DE8}") = "02_Authentification", "02_Authentification", "{A833D82F-93DC-400F-999A-9BB08C04A518}"
EndProject
Project("{9A19103F-16F7-4668-BE54-9A1E7A4F7556}") = "TP04b", "TP04b\TP04b.csproj", "{A24370B0-2A2B-4AC7-B1F6-716C94431024}"
EndProject
Global
	GlobalSection(SolutionConfigurationPlatforms) = preSolution
		Debug|Any CPU = Debug|Any CPU
		Release|Any CPU = Release|Any CPU
	EndGlobalSection
	GlobalSection(ProjectConfigurationPlatforms) = postSolution
		{3DF85FF0-A90F-4860-A13F-8B32D2A9CA6B}.Debug|Any CPU.ActiveCfg = Debug|Any CPU
		{3DF85FF0-A90F-4860-A13F-8B32D2A9CA6B}.Debug|Any CPU.Build.0 = Debug|Any CPU
		{3DF85FF0-A90F-4860-A13F-8B32D2A9CA6B}.Release|Any CPU.ActiveCfg = Release|Any CPU
		{3DF85FF0-A90F-4860-A13F-8B32D2A9CA6B}.Release|Any CPU.Build.0 = Release|Any CPU
		{A24370B0-2A2B-4AC7-B1F6-716C94431024}.Debug|Any CPU.ActiveCfg = Debug|Any CPU
		{A24370B0-2A2B-4AC7-B1F6-716C94431024}.Debug|Any CPU.Build.0 = Debug|Any CPU
		{A24370B0-2A2B-4AC7-B1F6-716C94431024}.Release|Any CPU.ActiveCfg = Release|Any CPU
		{A24370B0-2A2B-4AC7-B1F6-716C94431024}.Release|Any CPU.Build.0 = Release|Any CPU
	EndGlobalSection
	GlobalSection(SolutionProperties) = preSolution
		HideSolutionNode = FALSE
	EndGlobalSection
	GlobalSection(NestedProjects) = preSolution
		{3DF85FF0-A90F-4860-A13F-8B32D2A9CA6B} = {F2D15383-CEAE-4BC0-924F-A37F6348A467}
		{A24370B0-2A2B-4AC7-B1F6-716C94431024} = {A833D82F-93DC-400F-999A-9BB08C04A518}
	EndGlobalSection
	GlobalSection(ExtensibilityGlobals) = postSolution
		SolutionGuid = {DEBF0DB6-039A-4536-8A5F-A840D2E61EE8}
	EndGlobalSection
EndGlobal
